
Microsoft Visual Studio Solution File, Format Version 12.00
# Visual Studio Version 17
VisualStudioVersion = 17.9.34607.119
MinimumVisualStudioVersion = 10.0.40219.1
Project("{9A19103F-16F7-4668-BE54-9A1E7A4F7556}") = "KanbanBoard.Web", "KanbanBoard.Web\KanbanBoard.Web.csproj", "{2B95FAF9-864C-4832-91E3-EBA864BC4998}"
EndProject
Global
	GlobalSection(SolutionConfigurationPlatforms) = preSolution
		Debug|Any CPU = Debug|Any CPU
		Release|Any CPU = Release|Any CPU
	EndGlobalSection
	GlobalSection(ProjectConfigurationPlatforms) = postSolution
		{2B95FAF9-864C-4832-91E3-EBA864BC4998}.Debug|Any CPU.ActiveCfg = Debug|Any CPU
		{2B95FAF9-864C-4832-91E3-EBA864BC4998}.Debug|Any CPU.Build.0 = Debug|Any CPU
		{2B95FAF9-864C-4832-91E3-EBA864BC4998}.Release|Any CPU.ActiveCfg = Release|Any CPU
		{2B95FAF9-864C-4832-91E3-EBA864BC4998}.Release|Any CPU.Build.0 = Release|Any CPU
	EndGlobalSection
	GlobalSection(SolutionProperties) = preSolution
		HideSolutionNode = FALSE
	EndGlobalSection
	GlobalSection(ExtensibilityGlobals) = postSolution
		SolutionGuid = {A51A6A35-4A1F-4E8C-AF6A-F25EACDB60AC}
	EndGlobalSection
EndGlobal
